dependencies:
  78/xiaozhi-fonts:
    component_hash: 19ee829a7439702e18084a313b7b86017d3b8d17a094684575edc76bb6d11023
    dependencies:
    - name: idf
      require: private
      version: '>=5.3'
    source:
      registry_url: https://components.espressif.com/
      type: service
    version: 1.6.0
  espressif/button:
    component_hash: d0afa32f0e50d60bc0c6fc23f7eea98adc6b02cfe70b590bc52c23c506745287
    dependencies:
    - name: espressif/cmake_utilities
      registry_url: https://components.espressif.com
      require: private
      version: '*'
    - name: idf
      require: private
      version: '>=4.0'
    source:
      registry_url: https://components.espressif.com/
      type: service
    version: 4.1.6
  espressif/cjson:
    component_hash: e788323270d90738662d66fffa910bfe1fba019bba087f01557e70c40485b469
    dependencies:
    - name: idf
      require: private
      version: '>=5.0'
    source:
      registry_url: https://components.espressif.com
      type: service
    version: 1.7.19~2
  espressif/cmake_utilities:
    component_hash: 05165f30922b422b4b90c08845e6d449329b97370fbd06309803d8cb539d79e3
    dependencies:
    - name: idf
      require: private
      version: '>=4.1'
    source:
      registry_url: https://components.espressif.com
      type: service
    version: 1.1.1
  espressif/dl_fft:
    component_hash: ced3cf28cc70452b7859c06f4e5059215167254a2047e34c893d6f501ccd6ea2
    dependencies:
    - name: idf
      require: private
      version: '>=5.0'
    source:
      registry_url: https://components.espressif.com
      type: service
    version: 0.4.0
  espressif/esp-dsp:
    component_hash: 12e44db246517a627bc0fe2b255b8335410c0215c98bfba2df5a8e3edea839ef
    dependencies:
    - name: idf
      require: private
      version: '>=4.2'
    source:
      registry_url: https://components.espressif.com
      type: service
    version: 1.8.0
  espressif/esp-sr:
    component_hash: e89fce9c0afe1b6782a9fbc65b5fc2ba5841ed4a39704d08414aad891ccce1a3
    dependencies:
    - name: espressif/cjson
      registry_url: https://components.espressif.com
      require: private
      version: ^1.7.19
    - name: espressif/dl_fft
      registry_url: https://components.espressif.com
      require: private
      version: '>=0.2.0'
    - name: espressif/esp-dsp
      registry_url: https://components.espressif.com
      require: private
      version: 1.8.0
    - name: idf
      require: private
      version: '>=5.0'
    source:
      registry_url: https://components.espressif.com/
      type: service
    version: 2.4.4
  espressif/esp_audio_codec:
    component_hash: 16e2880dbdd5a72264051f750f33a6e5a38fd25621c83e3a32a85a152d2d2643
    dependencies:
    - name: idf
      require: private
      version: '>=4.4'
    source:
      registry_url: https://components.espressif.com/
      type: service
    version: 2.5.0
  espressif/esp_codec_dev:
    component_hash: 9293329ccb361f67c6e847ab8f693b2d9158b2e438eff583c28558c29cdf3dca
    dependencies:
    - name: idf
      require: private
      version: '>=4.0'
    source:
      registry_url: https://components.espressif.com/
      type: service
    version: 1.5.9
  espressif/esp_jpeg:
    component_hash: defb83669293cbf86d0fa86b475ba5517aceed04ed70db435388c151ab37b5d7
    dependencies:
    - name: idf
      require: private
      version: '>=5.0'
    source:
      registry_url: https://components.espressif.com/
      type: service
    version: 1.3.1
  espressif/esp_lvgl_port:
    component_hash: b6360960f47b6776462e7092861b3ea66477ffb762a01baa0aecbb3d74cd50f4
    dependencies:
    - name: idf
      require: private
      version: '>=5.1'
    - name: lvgl/lvgl
      registry_url: https://components.espressif.com
      require: public
      version: '>=8,<10'
    source:
      registry_url: https://components.espressif.com/
      type: service
    version: 2.7.2
  espressif/esp_websocket_client:
    component_hash: 3fb288702517ef4d75bf933a115f1056ee0c2540d964f9e1d856e0bb67e1dfeb
    dependencies:
    - name: idf
      require: private
      version: '>=5.0'
    source:
      registry_url: https://components.espressif.com/
      type: service
    version: 1.7.0
  espressif/qrcode:
    component_hash: 31e70991ce22f28d73a4386417fc9c0993f61e1aab1832474fd9e3db8da9dcbd
    dependencies: []
    source:
      registry_url: https://components.espressif.com/
      type: service
    version: 0.2.0
  idf:
    source:
      type: idf
    version: 5.3.1
  lvgl/lvgl:
    component_hash: 184e532558c1c45fefed631f3e235423d22582aafb4630f3e8885c35281a49ae
    dependencies: []
    source:
      registry_url: https://components.espressif.com
      type: service
    version: 9.5.0
direct_dependencies:
- 78/xiaozhi-fonts
- espressif/button
- espressif/esp-sr
- espressif/esp_audio_codec
- espressif/esp_codec_dev
- espressif/esp_jpeg
- espressif/esp_lvgl_port
- espressif/esp_websocket_client
- espressif/qrcode
- idf
manifest_hash: eaa0952d12ab2a776385d075fce0548f5790de579128bdd19fff7ae3833cf461
target: esp32s3
version: 2.0.0
